
Microsoft Visual Studio Solution File, Format Version 12.00
# Visual Studio 2015
Project("{FAE04EC0-301F-11D3-BF4B-00C04F79EFBC}") = "2DLighting.CSharp", "2DLighting.CSharp.csproj", "{82F3A3CD-7921-4799-6A42-44FC28187474}"
EndProject
Project("{FAE04EC0-301F-11D3-BF4B-00C04F79EFBC}") = "2DLighting.CSharp.Editor.Plugins", "2DLighting.CSharp.Editor.Plugins.csproj", "{8DC3518D-F063-A7AF-5EFE-35B26C3B8471}"
EndProject
Project("{FAE04EC0-301F-11D3-BF4B-00C04F79EFBC}") = "2DLighting.CSharp.Editor", "2DLighting.CSharp.Editor.csproj", "{0932DBEA-EF7C-8A3C-6E71-7B43701A9AE9}"
EndProject
Global
	GlobalSection(SolutionConfigurationPlatforms) = preSolution
		Debug|Any CPU = Debug|Any CPU
		Release|Any CPU = Release|Any CPU
	EndGlobalSection
	GlobalSection(ProjectConfigurationPlatforms) = postSolution
		{82F3A3CD-7921-4799-6A42-44FC28187474}.Debug|Any CPU.ActiveCfg = Debug|Any CPU
		{82F3A3CD-7921-4799-6A42-44FC28187474}.Debug|Any CPU.Build.0 = Debug|Any CPU
		{82F3A3CD-7921-4799-6A42-44FC28187474}.Release|Any CPU.ActiveCfg = Release|Any CPU
		{82F3A3CD-7921-4799-6A42-44FC28187474}.Release|Any CPU.Build.0 = Release|Any CPU
		{8DC3518D-F063-A7AF-5EFE-35B26C3B8471}.Debug|Any CPU.ActiveCfg = Debug|Any CPU
		{8DC3518D-F063-A7AF-5EFE-35B26C3B8471}.Debug|Any CPU.Build.0 = Debug|Any CPU
		{8DC3518D-F063-A7AF-5EFE-35B26C3B8471}.Release|Any CPU.ActiveCfg = Release|Any CPU
		{8DC3518D-F063-A7AF-5EFE-35B26C3B8471}.Release|Any CPU.Build.0 = Release|Any CPU
		{0932DBEA-EF7C-8A3C-6E71-7B43701A9AE9}.Debug|Any CPU.ActiveCfg = Debug|Any CPU
		{0932DBEA-EF7C-8A3C-6E71-7B43701A9AE9}.Debug|Any CPU.Build.0 = Debug|Any CPU
		{0932DBEA-EF7C-8A3C-6E71-7B43701A9AE9}.Release|Any CPU.ActiveCfg = Release|Any CPU
		{0932DBEA-EF7C-8A3C-6E71-7B43701A9AE9}.Release|Any CPU.Build.0 = Release|Any CPU
	EndGlobalSection
	GlobalSection(SolutionProperties) = preSolution
		HideSolutionNode = FALSE
	EndGlobalSection
EndGlobal
