Microsoft Visual Studio Solution File, Format Version 12.00
# Visual Studio 2012
Project("{1FCC4536-FA30-A65C-0423-36804CCAD0E0}") = "2DLighting", "Assembly-CSharp.csproj", "{61A990A4-AC9D-A1C6-DB74-63A98F072A80}"
EndProject
Project("{1FCC4536-FA30-A65C-0423-36804CCAD0E0}") = "2DLighting", "Assembly-CSharp-Editor-firstpass.csproj", "{0ECE0D12-B1A7-17B4-3CAF-7617AC88B263}"
EndProject
Project("{1FCC4536-FA30-A65C-0423-36804CCAD0E0}") = "2DLighting", "Assembly-CSharp-Editor.csproj", "{BC156484-944D-AFEA-2934-395C172CCF56}"
EndProject
Global
	GlobalSection(SolutionConfigurationPlatforms) = preSolution
		Debug|Any CPU = Debug|Any CPU
		Release|Any CPU = Release|Any CPU
	EndGlobalSection
	GlobalSection(ProjectConfigurationPlatforms) = postSolution
		{61A990A4-AC9D-A1C6-DB74-63A98F072A80}.Debug|Any CPU.ActiveCfg = Debug|Any CPU
		{61A990A4-AC9D-A1C6-DB74-63A98F072A80}.Debug|Any CPU.Build.0 = Debug|Any CPU
		{61A990A4-AC9D-A1C6-DB74-63A98F072A80}.Release|Any CPU.ActiveCfg = Release|Any CPU
		{61A990A4-AC9D-A1C6-DB74-63A98F072A80}.Release|Any CPU.Build.0 = Release|Any CPU
		{0ECE0D12-B1A7-17B4-3CAF-7617AC88B263}.Debug|Any CPU.ActiveCfg = Debug|Any CPU
		{0ECE0D12-B1A7-17B4-3CAF-7617AC88B263}.Debug|Any CPU.Build.0 = Debug|Any CPU
		{0ECE0D12-B1A7-17B4-3CAF-7617AC88B263}.Release|Any CPU.ActiveCfg = Release|Any CPU
		{0ECE0D12-B1A7-17B4-3CAF-7617AC88B263}.Release|Any CPU.Build.0 = Release|Any CPU
		{BC156484-944D-AFEA-2934-395C172CCF56}.Debug|Any CPU.ActiveCfg = Debug|Any CPU
		{BC156484-944D-AFEA-2934-395C172CCF56}.Debug|Any CPU.Build.0 = Debug|Any CPU
		{BC156484-944D-AFEA-2934-395C172CCF56}.Release|Any CPU.ActiveCfg = Release|Any CPU
		{BC156484-944D-AFEA-2934-395C172CCF56}.Release|Any CPU.Build.0 = Release|Any CPU
	EndGlobalSection
	GlobalSection(MonoDevelopProperties) = preSolution
		StartupItem = Assembly-CSharp.csproj
	EndGlobalSection
EndGlobal
